
Microsoft Visual Studio Solution File, Format Version 12.00
# Visual Studio Version 16
VisualStudioVersion = 16.0.29519.181
MinimumVisualStudioVersion = 10.0.40219.1
Project("{9A19103F-16F7-4668-BE54-9A1E7A4F7556}") = "ComponentLibrariesCore300", "ComponentLibrariesCore300\ComponentLibrariesCore300.csproj", "{FFF9145D-6EB4-408F-8143-F9CD89DA69ED}"
EndProject
Project("{FAE04EC0-301F-11D3-BF4B-00C04F79EFBC}") = "ComponentLibrariesCore30", "ComponentLibrariesCore30\ComponentLibrariesCore30.csproj", "{B83FF131-94FA-4794-802B-A03217557944}"
EndProject
Global
	GlobalSection(SolutionConfigurationPlatforms) = preSolution
		Debug|Any CPU = Debug|Any CPU
		Release|Any CPU = Release|Any CPU
	EndGlobalSection
	GlobalSection(ProjectConfigurationPlatforms) = postSolution
		{FFF9145D-6EB4-408F-8143-F9CD89DA69ED}.Debug|Any CPU.ActiveCfg = Debug|Any CPU
		{FFF9145D-6EB4-408F-8143-F9CD89DA69ED}.Debug|Any CPU.Build.0 = Debug|Any CPU
		{FFF9145D-6EB4-408F-8143-F9CD89DA69ED}.Release|Any CPU.ActiveCfg = Release|Any CPU
		{FFF9145D-6EB4-408F-8143-F9CD89DA69ED}.Release|Any CPU.Build.0 = Release|Any CPU
		{B83FF131-94FA-4794-802B-A03217557944}.Debug|Any CPU.ActiveCfg = Debug|Any CPU
		{B83FF131-94FA-4794-802B-A03217557944}.Debug|Any CPU.Build.0 = Debug|Any CPU
		{B83FF131-94FA-4794-802B-A03217557944}.Release|Any CPU.ActiveCfg = Release|Any CPU
		{B83FF131-94FA-4794-802B-A03217557944}.Release|Any CPU.Build.0 = Release|Any CPU
	EndGlobalSection
	GlobalSection(SolutionProperties) = preSolution
		HideSolutionNode = FALSE
	EndGlobalSection
	GlobalSection(ExtensibilityGlobals) = postSolution
		SolutionGuid = {F3C98383-51EA-478F-AD67-AC229C95F5B0}
	EndGlobalSection
EndGlobal
